// !$*UTF8*$!
{
	archiveVersion = 1;
	classes = {
	};
	objectVersion = 50;
	objects = {

/* Begin PBXBuildFile section */
		28EC291A39C1968ECE94BB3D /* Pods_Trial.framework in Frameworks */ = {isa = PBXBuildFile; fileRef = E7265217AF9A13858B30C80E /* Pods_Trial.framework */; };
		89006260224B4F7A00094F91 /* YoutubeOperation.swift in Sources */ = {isa = PBXBuildFile; fileRef = 8900625F224B4F7A00094F91 /* YoutubeOperation.swift */; };
		89006264224B8BA900094F91 /* YoutubeManager.swift in Sources */ = {isa = PBXBuildFile; fileRef = 89006263224B8BA900094F91 /* YoutubeManager.swift */; };
		89006267224C87B200094F91 /* Datas.swift in Sources */ = {isa = PBXBuildFile; fileRef = 89006266224C87B200094F91 /* Datas.swift */; };
		89006269224C970500094F91 /* PlayerControlView.swift in Sources */ = {isa = PBXBuildFile; fileRef = 89006268224C970500094F91 /* PlayerControlView.swift */; };
		8900626D224C9ADE00094F91 /* VideoWithPlayerView.swift in Sources */ = {isa = PBXBuildFile; fileRef = 8900626C224C9ADE00094F91 /* VideoWithPlayerView.swift */; };
		8900626F224E214400094F91 /* RippleTransitionLayout.swift in Sources */ = {isa = PBXBuildFile; fileRef = 8900626E224E214300094F91 /* RippleTransitionLayout.swift */; };
		89006271224E218900094F91 /* RippleLayout.swift in Sources */ = {isa = PBXBuildFile; fileRef = 89006270224E218900094F91 /* RippleLayout.swift */; };
		890062732251ED5300094F91 /* RippleVC2.swift in Sources */ = {isa = PBXBuildFile; fileRef = 890062722251ED5300094F91 /* RippleVC2.swift */; };
		8900627522521A2C00094F91 /* VideoViewController1.swift in Sources */ = {isa = PBXBuildFile; fileRef = 8900627422521A2C00094F91 /* VideoViewController1.swift */; };
		8900627722521A7800094F91 /* RotatedTransitioning1.swift in Sources */ = {isa = PBXBuildFile; fileRef = 8900627622521A7800094F91 /* RotatedTransitioning1.swift */; };
		89006279225455AB00094F91 /* raw in Resources */ = {isa = PBXBuildFile; fileRef = 89006278225455AB00094F91 /* raw */; };
		8900627B2255B5BE00094F91 /* UIMetricTemplate.swift in Sources */ = {isa = PBXBuildFile; fileRef = 8900627A2255B5BE00094F91 /* UIMetricTemplate.swift */; };
		89065A73229CD9460058411D /* FullscreenVideoManager.swift in Sources */ = {isa = PBXBuildFile; fileRef = 89065A72229CD9460058411D /* FullscreenVideoManager.swift */; };
		890A7AFB223F824000CDB6B1 /* CollectionViewCell.swift in Sources */ = {isa = PBXBuildFile; fileRef = 890A7AFA223F824000CDB6B1 /* CollectionViewCell.swift */; };
		890A7AFD223F833F00CDB6B1 /* LayoutAttributes.swift in Sources */ = {isa = PBXBuildFile; fileRef = 890A7AFC223F833F00CDB6B1 /* LayoutAttributes.swift */; };
		890A7AFF223F8C7500CDB6B1 /* constants.swift in Sources */ = {isa = PBXBuildFile; fileRef = 890A7AFE223F8C7500CDB6B1 /* constants.swift */; };
		890A7B032240E47700CDB6B1 /* GoogleService-Info.plist in Resources */ = {isa = PBXBuildFile; fileRef = 890A7B022240E47700CDB6B1 /* GoogleService-Info.plist */; };
		890CED27226DC2AC00F58780 /* ScaleTransition.swift in Sources */ = {isa = PBXBuildFile; fileRef = 890CED26226DC2AC00F58780 /* ScaleTransition.swift */; };
		890CED2A226DC5FD00F58780 /* VideoContainer.swift in Sources */ = {isa = PBXBuildFile; fileRef = 890CED29226DC5FD00F58780 /* VideoContainer.swift */; };
		890CED2D2272EB0900F58780 /* RippleViewState.swift in Sources */ = {isa = PBXBuildFile; fileRef = 890CED2C2272EB0900F58780 /* RippleViewState.swift */; };
		890CED31227588C900F58780 /* EpisodesTransitionLayout.swift in Sources */ = {isa = PBXBuildFile; fileRef = 890CED30227588C900F58780 /* EpisodesTransitionLayout.swift */; };
		890CED332275898B00F58780 /* dumb.swift in Sources */ = {isa = PBXBuildFile; fileRef = 890CED322275898B00F58780 /* dumb.swift */; };
		8966379222A4CCAE0019E782 /* SeasonCell.swift in Sources */ = {isa = PBXBuildFile; fileRef = 8966379122A4CCAE0019E782 /* SeasonCell.swift */; };
		8966379622A4E5530019E782 /* SeasonsView.swift in Sources */ = {isa = PBXBuildFile; fileRef = 8966379522A4E5530019E782 /* SeasonsView.swift */; };
		8966379822A4EA620019E782 /* EpisodesVC1+Layout.swift in Sources */ = {isa = PBXBuildFile; fileRef = 8966379722A4EA620019E782 /* EpisodesVC1+Layout.swift */; };
		8966379B22A66D870019E782 /* ThumbnailCell.swift in Sources */ = {isa = PBXBuildFile; fileRef = 8966379A22A66D870019E782 /* ThumbnailCell.swift */; };
		8966379D22A68D9E0019E782 /* PageDataManager.swift in Sources */ = {isa = PBXBuildFile; fileRef = 8966379C22A68D9E0019E782 /* PageDataManager.swift */; };
		8966379F22A68F3F0019E782 /* YoutubeManagerV2.swift in Sources */ = {isa = PBXBuildFile; fileRef = 8966379E22A68F3F0019E782 /* YoutubeManagerV2.swift */; };
		896637A122A7A1CC0019E782 /* VideoCellV2.swift in Sources */ = {isa = PBXBuildFile; fileRef = 896637A022A7A1CC0019E782 /* VideoCellV2.swift */; };
		896637A322A9035C0019E782 /* image.swift in Sources */ = {isa = PBXBuildFile; fileRef = 896637A222A9035C0019E782 /* image.swift */; };
		896637A722AE4EF20019E782 /* PlayerControl.xib in Resources */ = {isa = PBXBuildFile; fileRef = 896637A622AE4EF20019E782 /* PlayerControl.xib */; };
		896637A922AF794E0019E782 /* format.swift in Sources */ = {isa = PBXBuildFile; fileRef = 896637A822AF794E0019E782 /* format.swift */; };
		896637AB22AF95A30019E782 /* BasePlayerView.swift in Sources */ = {isa = PBXBuildFile; fileRef = 896637AA22AF95A30019E782 /* BasePlayerView.swift */; };
		896637AD22B0E67A0019E782 /* numeric.swift in Sources */ = {isa = PBXBuildFile; fileRef = 896637AC22B0E67A0019E782 /* numeric.swift */; };
		896EA9052242209700780557 /* YTPlayerView.swift in Sources */ = {isa = PBXBuildFile; fileRef = 896EA9042242209700780557 /* YTPlayerView.swift */; };
		896EA90F22438C3600780557 /* RippleCell.swift in Sources */ = {isa = PBXBuildFile; fileRef = 896EA90E22438C3600780557 /* RippleCell.swift */; };
		896EA9162244945800780557 /* alog.swift in Sources */ = {isa = PBXBuildFile; fileRef = 896EA9152244945800780557 /* alog.swift */; };
		896EA9202244AFCF00780557 /* extension.swift in Sources */ = {isa = PBXBuildFile; fileRef = 896EA91F2244AFCF00780557 /* extension.swift */; };
		896EA9242248CA3200780557 /* RippleCollectionView.swift in Sources */ = {isa = PBXBuildFile; fileRef = 896EA9232248CA3200780557 /* RippleCollectionView.swift */; };
		8995A5CB22686DCE0062A474 /* TransitionalResource.swift in Sources */ = {isa = PBXBuildFile; fileRef = 8995A5CA22686DCE0062A474 /* TransitionalResource.swift */; };
		8995A5CD226870FE0062A474 /* Shadow.swift in Sources */ = {isa = PBXBuildFile; fileRef = 8995A5CC226870FE0062A474 /* Shadow.swift */; };
		89A56D53229E611300852881 /* Snippet.swift in Sources */ = {isa = PBXBuildFile; fileRef = 89A56D52229E611300852881 /* Snippet.swift */; };
		89BD5D9C2294FA3900C7C52C /* Test2VC.swift in Sources */ = {isa = PBXBuildFile; fileRef = 89BD5D9B2294FA3900C7C52C /* Test2VC.swift */; };
		89BD5DA322953E6400C7C52C /* RippleTransitionLayout+Alternate.swift in Sources */ = {isa = PBXBuildFile; fileRef = 89BD5DA222953E6400C7C52C /* RippleTransitionLayout+Alternate.swift */; };
		89BD5DA52297C25300C7C52C /* Test3VC.swift in Sources */ = {isa = PBXBuildFile; fileRef = 89BD5DA42297C25300C7C52C /* Test3VC.swift */; };
		89D487ED2260642D009F2013 /* GradientView.swift in Sources */ = {isa = PBXBuildFile; fileRef = 89D487EC2260642D009F2013 /* GradientView.swift */; };
		89D487EF226083B0009F2013 /* ViewMorphing.swift in Sources */ = {isa = PBXBuildFile; fileRef = 89D487EE226083B0009F2013 /* ViewMorphing.swift */; };
		89DD14842275C0D60008512A /* EpisodeCell.swift in Sources */ = {isa = PBXBuildFile; fileRef = 89DD14832275C0D60008512A /* EpisodeCell.swift */; };
		89DD14862275C8A90008512A /* EpisodesLayout.swift in Sources */ = {isa = PBXBuildFile; fileRef = 89DD14852275C8A90008512A /* EpisodesLayout.swift */; };
		89DD1489227701490008512A /* EpisodesViewState.swift in Sources */ = {isa = PBXBuildFile; fileRef = 89DD1488227701490008512A /* EpisodesViewState.swift */; };
		89DD148B2277EE0D0008512A /* EpisodesVC1.swift in Sources */ = {isa = PBXBuildFile; fileRef = 89DD148A2277EE0D0008512A /* EpisodesVC1.swift */; };
		89DD148D22781ACC0008512A /* EpisodeLayoutAttributes.swift in Sources */ = {isa = PBXBuildFile; fileRef = 89DD148C22781ACC0008512A /* EpisodeLayoutAttributes.swift */; };
		89DD1490227852880008512A /* communication.swift in Sources */ = {isa = PBXBuildFile; fileRef = 89DD148F227852880008512A /* communication.swift */; };
		89DD925C2281514100765769 /* VideoCell.swift in Sources */ = {isa = PBXBuildFile; fileRef = 89DD925B2281514100765769 /* VideoCell.swift */; };
		89DD925E228159DA00765769 /* RippleCellV2.swift in Sources */ = {isa = PBXBuildFile; fileRef = 89DD925D228159DA00765769 /* RippleCellV2.swift */; };
		89DD926022827E4000765769 /* TestVC.swift in Sources */ = {isa = PBXBuildFile; fileRef = 89DD925F22827E4000765769 /* TestVC.swift */; };
		89DD92632282BAAA00765769 /* RippleVC+Alternate.swift in Sources */ = {isa = PBXBuildFile; fileRef = 89DD92622282BAAA00765769 /* RippleVC+Alternate.swift */; };
		89DD92652282BB1B00765769 /* RippleVC+Interaction.swift in Sources */ = {isa = PBXBuildFile; fileRef = 89DD92642282BB1B00765769 /* RippleVC+Interaction.swift */; };
		89DD92672282BF5000765769 /* RippleVC+Data.swift in Sources */ = {isa = PBXBuildFile; fileRef = 89DD92662282BF5000765769 /* RippleVC+Data.swift */; };
		89DD92692282C1B600765769 /* RippleVC+Utility.swift in Sources */ = {isa = PBXBuildFile; fileRef = 89DD92682282C1B600765769 /* RippleVC+Utility.swift */; };
		89DD926C2282E17200765769 /* EpisodesVC1+Interaction.swift in Sources */ = {isa = PBXBuildFile; fileRef = 89DD926B2282E17200765769 /* EpisodesVC1+Interaction.swift */; };
		89DD926E2282E1FE00765769 /* EpisodesVC1+Data.swift in Sources */ = {isa = PBXBuildFile; fileRef = 89DD926D2282E1FE00765769 /* EpisodesVC1+Data.swift */; };
		89DD9270228433AF00765769 /* EpisodesVC1+Animation2.swift in Sources */ = {isa = PBXBuildFile; fileRef = 89DD926F228433AF00765769 /* EpisodesVC1+Animation2.swift */; };
		89F37A1E2237524800A9303D /* AppDelegate.swift in Sources */ = {isa = PBXBuildFile; fileRef = 89F37A1D2237524800A9303D /* AppDelegate.swift */; };
		89F37A232237524800A9303D /* Main.storyboard in Resources */ = {isa = PBXBuildFile; fileRef = 89F37A212237524800A9303D /* Main.storyboard */; };
		89F37A252237524A00A9303D /* Assets.xcassets in Resources */ = {isa = PBXBuildFile; fileRef = 89F37A242237524A00A9303D /* Assets.xcassets */; };
		89F37A282237524A00A9303D /* LaunchScreen.storyboard in Resources */ = {isa = PBXBuildFile; fileRef = 89F37A262237524A00A9303D /* LaunchScreen.storyboard */; };
		89F37A332237859300A9303D /* CoreGraphics.framework in Frameworks */ = {isa = PBXBuildFile; fileRef = 89F37A322237859300A9303D /* CoreGraphics.framework */; };
		89F37A3522392C4500A9303D /* utility.swift in Sources */ = {isa = PBXBuildFile; fileRef = 89F37A3422392C4500A9303D /* utility.swift */; };
		89F37A39223A24F300A9303D /* ViewControllerAnimatedTransitioning.swift in Sources */ = {isa = PBXBuildFile; fileRef = 89F37A38223A24F300A9303D /* ViewControllerAnimatedTransitioning.swift */; };
/* End PBXBuildFile section */

/* Begin PBXFileReference section */
		45DE32EB7183F4620EA124DE /* Pods-Trial.debug.xcconfig */ = {isa = PBXFileReference; includeInIndex = 1; lastKnownFileType = text.xcconfig; name = "Pods-Trial.debug.xcconfig"; path = "Target Support Files/Pods-Trial/Pods-Trial.debug.xcconfig"; sourceTree = "<group>"; };
		8900625F224B4F7A00094F91 /* YoutubeOperation.swift */ = {isa = PBXFileReference; lastKnownFileType = sourcecode.swift; path = YoutubeOperation.swift; sourceTree = "<group>"; };
		89006263224B8BA900094F91 /* YoutubeManager.swift */ = {isa = PBXFileReference; lastKnownFileType = sourcecode.swift; path = YoutubeManager.swift; sourceTree = "<group>"; };
		89006266224C87B200094F91 /* Datas.swift */ = {isa = PBXFileReference; lastKnownFileType = sourcecode.swift; path = Datas.swift; sourceTree = "<group>"; };
		89006268224C970500094F91 /* PlayerControlView.swift */ = {isa = PBXFileReference; lastKnownFileType = sourcecode.swift; path = PlayerControlView.swift; sourceTree = "<group>"; };
		8900626C224C9ADE00094F91 /* VideoWithPlayerView.swift */ = {isa = PBXFileReference; lastKnownFileType = sourcecode.swift; path = VideoWithPlayerView.swift; sourceTree = "<group>"; };
		8900626E224E214300094F91 /* RippleTransitionLayout.swift */ = {isa = PBXFileReference; lastKnownFileType = sourcecode.swift; path = RippleTransitionLayout.swift; sourceTree = "<group>"; };
		89006270224E218900094F91 /* RippleLayout.swift */ = {isa = PBXFileReference; lastKnownFileType = sourcecode.swift; path = RippleLayout.swift; sourceTree = "<group>"; };
		890062722251ED5300094F91 /* RippleVC2.swift */ = {isa = PBXFileReference; lastKnownFileType = sourcecode.swift; path = RippleVC2.swift; sourceTree = "<group>"; };
		8900627422521A2C00094F91 /* VideoViewController1.swift */ = {isa = PBXFileReference; lastKnownFileType = sourcecode.swift; path = VideoViewController1.swift; sourceTree = "<group>"; };
		8900627622521A7800094F91 /* RotatedTransitioning1.swift */ = {isa = PBXFileReference; lastKnownFileType = sourcecode.swift; path = RotatedTransitioning1.swift; sourceTree = "<group>"; };
		89006278225455AB00094F91 /* raw */ = {isa = PBXFileReference; lastKnownFileType = text; path = raw; sourceTree = "<group>"; };
		8900627A2255B5BE00094F91 /* UIMetricTemplate.swift */ = {isa = PBXFileReference; lastKnownFileType = sourcecode.swift; path = UIMetricTemplate.swift; sourceTree = "<group>"; };
		89065A72229CD9460058411D /* FullscreenVideoManager.swift */ = {isa = PBXFileReference; lastKnownFileType = sourcecode.swift; path = FullscreenVideoManager.swift; sourceTree = "<group>"; };
		890A7AFA223F824000CDB6B1 /* CollectionViewCell.swift */ = {isa = PBXFileReference; lastKnownFileType = sourcecode.swift; path = CollectionViewCell.swift; sourceTree = "<group>"; };
		890A7AFC223F833F00CDB6B1 /* LayoutAttributes.swift */ = {isa = PBXFileReference; lastKnownFileType = sourcecode.swift; path = LayoutAttributes.swift; sourceTree = "<group>"; };
		890A7AFE223F8C7500CDB6B1 /* constants.swift */ = {isa = PBXFileReference; lastKnownFileType = sourcecode.swift; path = constants.swift; sourceTree = "<group>"; };
		890A7B022240E47700CDB6B1 /* GoogleService-Info.plist */ = {isa = PBXFileReference; fileEncoding = 4; lastKnownFileType = text.plist.xml; path = "GoogleService-Info.plist"; sourceTree = "<group>"; };
		890CED26226DC2AC00F58780 /* ScaleTransition.swift */ = {isa = PBXFileReference; lastKnownFileType = sourcecode.swift; path = ScaleTransition.swift; sourceTree = "<group>"; };
		890CED29226DC5FD00F58780 /* VideoContainer.swift */ = {isa = PBXFileReference; lastKnownFileType = sourcecode.swift; path = VideoContainer.swift; sourceTree = "<group>"; };
		890CED2C2272EB0900F58780 /* RippleViewState.swift */ = {isa = PBXFileReference; lastKnownFileType = sourcecode.swift; path = RippleViewState.swift; sourceTree = "<group>"; };
		890CED30227588C900F58780 /* EpisodesTransitionLayout.swift */ = {isa = PBXFileReference; lastKnownFileType = sourcecode.swift; path = EpisodesTransitionLayout.swift; sourceTree = "<group>"; };
		890CED322275898B00F58780 /* dumb.swift */ = {isa = PBXFileReference; lastKnownFileType = sourcecode.swift; path = dumb.swift; sourceTree = "<group>"; };
		8966379022A0DDA70019E782 /* YoutubeIframeAPI.md */ = {isa = PBXFileReference; lastKnownFileType = net.daringfireball.markdown; path = YoutubeIframeAPI.md; sourceTree = "<group>"; };
		8966379122A4CCAE0019E782 /* SeasonCell.swift */ = {isa = PBXFileReference; lastKnownFileType = sourcecode.swift; path = SeasonCell.swift; sourceTree = "<group>"; };
		8966379522A4E5530019E782 /* SeasonsView.swift */ = {isa = PBXFileReference; lastKnownFileType = sourcecode.swift; path = SeasonsView.swift; sourceTree = "<group>"; };
		8966379722A4EA620019E782 /* EpisodesVC1+Layout.swift */ = {isa = PBXFileReference; lastKnownFileType = sourcecode.swift; path = "EpisodesVC1+Layout.swift"; sourceTree = "<group>"; };
		8966379A22A66D870019E782 /* ThumbnailCell.swift */ = {isa = PBXFileReference; lastKnownFileType = sourcecode.swift; path = ThumbnailCell.swift; sourceTree = "<group>"; };
		8966379C22A68D9E0019E782 /* PageDataManager.swift */ = {isa = PBXFileReference; lastKnownFileType = sourcecode.swift; path = PageDataManager.swift; sourceTree = "<group>"; };
		8966379E22A68F3F0019E782 /* YoutubeManagerV2.swift */ = {isa = PBXFileReference; lastKnownFileType = sourcecode.swift; path = YoutubeManagerV2.swift; sourceTree = "<group>"; };
		896637A022A7A1CC0019E782 /* VideoCellV2.swift */ = {isa = PBXFileReference; lastKnownFileType = sourcecode.swift; path = VideoCellV2.swift; sourceTree = "<group>"; };
		896637A222A9035C0019E782 /* image.swift */ = {isa = PBXFileReference; lastKnownFileType = sourcecode.swift; path = image.swift; sourceTree = "<group>"; };
		896637A622AE4EF20019E782 /* PlayerControl.xib */ = {isa = PBXFileReference; lastKnownFileType = file.xib; path = PlayerControl.xib; sourceTree = "<group>"; };
		896637A822AF794E0019E782 /* format.swift */ = {isa = PBXFileReference; lastKnownFileType = sourcecode.swift; path = format.swift; sourceTree = "<group>"; };
		896637AA22AF95A30019E782 /* BasePlayerView.swift */ = {isa = PBXFileReference; lastKnownFileType = sourcecode.swift; path = BasePlayerView.swift; sourceTree = "<group>"; };
		896637AC22B0E67A0019E782 /* numeric.swift */ = {isa = PBXFileReference; lastKnownFileType = sourcecode.swift; path = numeric.swift; sourceTree = "<group>"; };
		896EA9042242209700780557 /* YTPlayerView.swift */ = {isa = PBXFileReference; lastKnownFileType = sourcecode.swift; path = YTPlayerView.swift; sourceTree = "<group>"; };
		896EA9062242232700780557 /* youtube_iframe.html */ = {isa = PBXFileReference; lastKnownFileType = text.html; path = youtube_iframe.html; sourceTree = "<group>"; };
		896EA90E22438C3600780557 /* RippleCell.swift */ = {isa = PBXFileReference; lastKnownFileType = sourcecode.swift; path = RippleCell.swift; sourceTree = "<group>"; };
		896EA9152244945800780557 /* alog.swift */ = {isa = PBXFileReference; lastKnownFileType = sourcecode.swift; path = alog.swift; sourceTree = "<group>"; };
		896EA91F2244AFCF00780557 /* extension.swift */ = {isa = PBXFileReference; lastKnownFileType = sourcecode.swift; path = extension.swift; sourceTree = "<group>"; };
		896EA9232248CA3200780557 /* RippleCollectionView.swift */ = {isa = PBXFileReference; lastKnownFileType = sourcecode.swift; path = RippleCollectionView.swift; sourceTree = "<group>"; };
		8995A5CA22686DCE0062A474 /* TransitionalResource.swift */ = {isa = PBXFileReference; lastKnownFileType = sourcecode.swift; path = TransitionalResource.swift; sourceTree = "<group>"; };
		8995A5CC226870FE0062A474 /* Shadow.swift */ = {isa = PBXFileReference; lastKnownFileType = sourcecode.swift; path = Shadow.swift; sourceTree = "<group>"; };
		89A56D52229E611300852881 /* Snippet.swift */ = {isa = PBXFileReference; lastKnownFileType = sourcecode.swift; path = Snippet.swift; sourceTree = "<group>"; };
		89AA5449225C879E00178341 /* Arch.md */ = {isa = PBXFileReference; lastKnownFileType = net.daringfireball.markdown; path = Arch.md; sourceTree = "<group>"; };
		89BD5D9A228D6D9B00C7C52C /* Optimization.md */ = {isa = PBXFileReference; lastKnownFileType = net.daringfireball.markdown; path = Optimization.md; sourceTree = "<group>"; };
		89BD5D9B2294FA3900C7C52C /* Test2VC.swift */ = {isa = PBXFileReference; lastKnownFileType = sourcecode.swift; path = Test2VC.swift; sourceTree = "<group>"; };
		89BD5DA222953E6400C7C52C /* RippleTransitionLayout+Alternate.swift */ = {isa = PBXFileReference; lastKnownFileType = sourcecode.swift; path = "RippleTransitionLayout+Alternate.swift"; sourceTree = "<group>"; };
		89BD5DA42297C25300C7C52C /* Test3VC.swift */ = {isa = PBXFileReference; lastKnownFileType = sourcecode.swift; path = Test3VC.swift; sourceTree = "<group>"; };
		89D487EC2260642D009F2013 /* GradientView.swift */ = {isa = PBXFileReference; lastKnownFileType = sourcecode.swift; path = GradientView.swift; sourceTree = "<group>"; };
		89D487EE226083B0009F2013 /* ViewMorphing.swift */ = {isa = PBXFileReference; lastKnownFileType = sourcecode.swift; path = ViewMorphing.swift; sourceTree = "<group>"; };
		89DD14832275C0D60008512A /* EpisodeCell.swift */ = {isa = PBXFileReference; lastKnownFileType = sourcecode.swift; path = EpisodeCell.swift; sourceTree = "<group>"; };
		89DD14852275C8A90008512A /* EpisodesLayout.swift */ = {isa = PBXFileReference; lastKnownFileType = sourcecode.swift; path = EpisodesLayout.swift; sourceTree = "<group>"; };
		89DD1488227701490008512A /* EpisodesViewState.swift */ = {isa = PBXFileReference; lastKnownFileType = sourcecode.swift; path = EpisodesViewState.swift; sourceTree = "<group>"; };
		89DD148A2277EE0D0008512A /* EpisodesVC1.swift */ = {isa = PBXFileReference; lastKnownFileType = sourcecode.swift; path = EpisodesVC1.swift; sourceTree = "<group>"; };
		89DD148C22781ACC0008512A /* EpisodeLayoutAttributes.swift */ = {isa = PBXFileReference; lastKnownFileType = sourcecode.swift; path = EpisodeLayoutAttributes.swift; sourceTree = "<group>"; };
		89DD148F227852880008512A /* communication.swift */ = {isa = PBXFileReference; lastKnownFileType = sourcecode.swift; path = communication.swift; sourceTree = "<group>"; };
		89DD925B2281514100765769 /* VideoCell.swift */ = {isa = PBXFileReference; lastKnownFileType = sourcecode.swift; path = VideoCell.swift; sourceTree = "<group>"; };
		89DD925D228159DA00765769 /* RippleCellV2.swift */ = {isa = PBXFileReference; lastKnownFileType = sourcecode.swift; path = RippleCellV2.swift; sourceTree = "<group>"; };
		89DD925F22827E4000765769 /* TestVC.swift */ = {isa = PBXFileReference; lastKnownFileType = sourcecode.swift; path = TestVC.swift; sourceTree = "<group>"; };
		89DD92622282BAAA00765769 /* RippleVC+Alternate.swift */ = {isa = PBXFileReference; lastKnownFileType = sourcecode.swift; path = "RippleVC+Alternate.swift"; sourceTree = "<group>"; };
		89DD92642282BB1B00765769 /* RippleVC+Interaction.swift */ = {isa = PBXFileReference; lastKnownFileType = sourcecode.swift; path = "RippleVC+Interaction.swift"; sourceTree = "<group>"; };
		89DD92662282BF5000765769 /* RippleVC+Data.swift */ = {isa = PBXFileReference; lastKnownFileType = sourcecode.swift; path = "RippleVC+Data.swift"; sourceTree = "<group>"; };
		89DD92682282C1B600765769 /* RippleVC+Utility.swift */ = {isa = PBXFileReference; lastKnownFileType = sourcecode.swift; path = "RippleVC+Utility.swift"; sourceTree = "<group>"; };
		89DD926B2282E17200765769 /* EpisodesVC1+Interaction.swift */ = {isa = PBXFileReference; lastKnownFileType = sourcecode.swift; path = "EpisodesVC1+Interaction.swift"; sourceTree = "<group>"; };
		89DD926D2282E1FE00765769 /* EpisodesVC1+Data.swift */ = {isa = PBXFileReference; lastKnownFileType = sourcecode.swift; path = "EpisodesVC1+Data.swift"; sourceTree = "<group>"; };
		89DD926F228433AF00765769 /* EpisodesVC1+Animation2.swift */ = {isa = PBXFileReference; lastKnownFileType = sourcecode.swift; path = "EpisodesVC1+Animation2.swift"; sourceTree = "<group>"; };
		89F37A1A2237524800A9303D /* Trial.app */ = {isa = PBXFileReference; explicitFileType = wrapper.application; includeInIndex = 0; path = Trial.app; sourceTree = BUILT_PRODUCTS_DIR; };
		89F37A1D2237524800A9303D /* AppDelegate.swift */ = {isa = PBXFileReference; lastKnownFileType = sourcecode.swift; path = AppDelegate.swift; sourceTree = "<group>"; };
		89F37A222237524800A9303D /* Base */ = {isa = PBXFileReference; lastKnownFileType = file.storyboard; name = Base; path = Base.lproj/Main.storyboard; sourceTree = "<group>"; };
		89F37A242237524A00A9303D /* Assets.xcassets */ = {isa = PBXFileReference; lastKnownFileType = folder.assetcatalog; path = Assets.xcassets; sourceTree = "<group>"; };
		89F37A272237524A00A9303D /* Base */ = {isa = PBXFileReference; lastKnownFileType = file.storyboard; name = Base; path = Base.lproj/LaunchScreen.storyboard; sourceTree = "<group>"; };
		89F37A292237524A00A9303D /* Info.plist */ = {isa = PBXFileReference; lastKnownFileType = text.plist.xml; path = Info.plist; sourceTree = "<group>"; };
		89F37A322237859300A9303D /* CoreGraphics.framework */ = {isa = PBXFileReference; lastKnownFileType = wrapper.framework; name = CoreGraphics.framework; path = System/Library/Frameworks/CoreGraphics.framework; sourceTree = SDKROOT; };
		89F37A3422392C4500A9303D /* utility.swift */ = {isa = PBXFileReference; lastKnownFileType = sourcecode.swift; path = utility.swift; sourceTree = "<group>"; };
		89F37A38223A24F300A9303D /* ViewControllerAnimatedTransitioning.swift */ = {isa = PBXFileReference; lastKnownFileType = sourcecode.swift; path = ViewControllerAnimatedTransitioning.swift; sourceTree = "<group>"; };
		E7265217AF9A13858B30C80E /* Pods_Trial.framework */ = {isa = PBXFileReference; explicitFileType = wrapper.framework; includeInIndex = 0; path = Pods_Trial.framework; sourceTree = BUILT_PRODUCTS_DIR; };
		F265275D0EED763C65F3C2F2 /* Pods-Trial.release.xcconfig */ = {isa = PBXFileReference; includeInIndex = 1; lastKnownFileType = text.xcconfig; name = "Pods-Trial.release.xcconfig"; path = "Target Support Files/Pods-Trial/Pods-Trial.release.xcconfig"; sourceTree = "<group>"; };
/* End PBXFileReference section */

/* Begin PBXFrameworksBuildPhase section */
		89F37A172237524800A9303D /* Frameworks */ = {
			isa = PBXFrameworksBuildPhase;
			buildActionMask = 2147483647;
			files = (
				89F37A332237859300A9303D /* CoreGraphics.framework in Frameworks */,
				28EC291A39C1968ECE94BB3D /* Pods_Trial.framework in Frameworks */,
			);
			runOnlyForDeploymentPostprocessing = 0;
		};
/* End PBXFrameworksBuildPhase section */

/* Begin PBXGroup section */
		89006265224C879500094F91 /* Tests */ = {
			isa = PBXGroup;
			children = (
				89006266224C87B200094F91 /* Datas.swift */,
				89006278225455AB00094F91 /* raw */,
				89DD925F22827E4000765769 /* TestVC.swift */,
				89BD5D9B2294FA3900C7C52C /* Test2VC.swift */,
				89BD5DA42297C25300C7C52C /* Test3VC.swift */,
			);
			path = Tests;
			sourceTree = "<group>";
		};
		890D600E22421C6F008B0198 /* UI */ = {
			isa = PBXGroup;
			children = (
				89F37A212237524800A9303D /* Main.storyboard */,
				890A7AFA223F824000CDB6B1 /* CollectionViewCell.swift */,
				89D487EC2260642D009F2013 /* GradientView.swift */,
				8995A5CC226870FE0062A474 /* Shadow.swift */,
				896637A622AE4EF20019E782 /* PlayerControl.xib */,
			);
			path = UI;
			sourceTree = "<group>";
		};
		8966379922A4F8EF0019E782 /* View */ = {
			isa = PBXGroup;
			children = (
				8966379522A4E5530019E782 /* SeasonsView.swift */,
				8966379122A4CCAE0019E782 /* SeasonCell.swift */,
				89DD14832275C0D60008512A /* EpisodeCell.swift */,
			);
			path = View;
			sourceTree = "<group>";
		};
		8967AC2922B1048300763B80 /* infrastructure */ = {
			isa = PBXGroup;
			children = (
				89F37A1D2237524800A9303D /* AppDelegate.swift */,
			);
			path = infrastructure;
			sourceTree = "<group>";
		};
		896EA908224342AD00780557 /* Layout */ = {
			isa = PBXGroup;
			children = (
				890CED30227588C900F58780 /* EpisodesTransitionLayout.swift */,
			);
			path = Layout;
			sourceTree = "<group>";
		};
		896EA9102243A65700780557 /* ViewController */ = {
			isa = PBXGroup;
			children = (
				8900627422521A2C00094F91 /* VideoViewController1.swift */,
			);
			path = ViewController;
			sourceTree = "<group>";
		};
		896EA9142244942100780557 /* Utility */ = {
			isa = PBXGroup;
			children = (
				890A7AFE223F8C7500CDB6B1 /* constants.swift */,
				89F37A3422392C4500A9303D /* utility.swift */,
				896EA9152244945800780557 /* alog.swift */,
				896EA91F2244AFCF00780557 /* extension.swift */,
				896637A222A9035C0019E782 /* image.swift */,
				896637A822AF794E0019E782 /* format.swift */,
				896637AC22B0E67A0019E782 /* numeric.swift */,
			);
			path = Utility;
			sourceTree = "<group>";
		};
		896EA9252248F32C00780557 /* YoutubeManager */ = {
			isa = PBXGroup;
			children = (
				8900625F224B4F7A00094F91 /* YoutubeOperation.swift */,
				89006263224B8BA900094F91 /* YoutubeManager.swift */,
				8966379C22A68D9E0019E782 /* PageDataManager.swift */,
				8966379E22A68F3F0019E782 /* YoutubeManagerV2.swift */,
			);
			path = YoutubeManager;
			sourceTree = "<group>";
		};
		8997F2CE224A06DA00C2DC72 /* Animations */ = {
			isa = PBXGroup;
			children = (
				89F37A38223A24F300A9303D /* ViewControllerAnimatedTransitioning.swift */,
				8900627622521A7800094F91 /* RotatedTransitioning1.swift */,
				89D487EE226083B0009F2013 /* ViewMorphing.swift */,
				8995A5CA22686DCE0062A474 /* TransitionalResource.swift */,
				890CED26226DC2AC00F58780 /* ScaleTransition.swift */,
			);
			path = Animations;
			sourceTree = "<group>";
		};
		89AA5448225C878700178341 /* Docs */ = {
			isa = PBXGroup;
			children = (
				89AA5449225C879E00178341 /* Arch.md */,
				89BD5D9A228D6D9B00C7C52C /* Optimization.md */,
				89A56D52229E611300852881 /* Snippet.swift */,
				8966379022A0DDA70019E782 /* YoutubeIframeAPI.md */,
			);
			path = Docs;
			sourceTree = "<group>";
		};
		89BD5D9F2295369000C7C52C /* Layout */ = {
			isa = PBXGroup;
			children = (
				89006270224E218900094F91 /* RippleLayout.swift */,
				8900626E224E214300094F91 /* RippleTransitionLayout.swift */,
				89BD5DA222953E6400C7C52C /* RippleTransitionLayout+Alternate.swift */,
			);
			path = Layout;
			sourceTree = "<group>";
		};
		89DD14822275C0B70008512A /* Episodes */ = {
			isa = PBXGroup;
			children = (
				8966379922A4F8EF0019E782 /* View */,
				89DD926A2282E12500765769 /* VC */,
				89DD148C22781ACC0008512A /* EpisodeLayoutAttributes.swift */,
				890CED322275898B00F58780 /* dumb.swift */,
				89DD14852275C8A90008512A /* EpisodesLayout.swift */,
				89DD1488227701490008512A /* EpisodesViewState.swift */,
			);
			path = Episodes;
			sourceTree = "<group>";
		};
		89DD14872276EB3A0008512A /* Ripple */ = {
			isa = PBXGroup;
			children = (
				89BD5D9F2295369000C7C52C /* Layout */,
				89DD92612282BA7300765769 /* VC */,
				896EA9232248CA3200780557 /* RippleCollectionView.swift */,
				8900627A2255B5BE00094F91 /* UIMetricTemplate.swift */,
				896EA90E22438C3600780557 /* RippleCell.swift */,
				890CED2C2272EB0900F58780 /* RippleViewState.swift */,
				890A7AFC223F833F00CDB6B1 /* LayoutAttributes.swift */,
				89DD925D228159DA00765769 /* RippleCellV2.swift */,
			);
			path = Ripple;
			sourceTree = "<group>";
		};
		89DD148E227852230008512A /* Video */ = {
			isa = PBXGroup;
			children = (
				896EA9042242209700780557 /* YTPlayerView.swift */,
				896EA9062242232700780557 /* youtube_iframe.html */,
				890CED29226DC5FD00F58780 /* VideoContainer.swift */,
				89006268224C970500094F91 /* PlayerControlView.swift */,
				8900626C224C9ADE00094F91 /* VideoWithPlayerView.swift */,
				89DD148F227852880008512A /* communication.swift */,
				89065A72229CD9460058411D /* FullscreenVideoManager.swift */,
				896637AA22AF95A30019E782 /* BasePlayerView.swift */,
			);
			path = Video;
			sourceTree = "<group>";
		};
		89DD925A2281511200765769 /* Base */ = {
			isa = PBXGroup;
			children = (
				89DD925B2281514100765769 /* VideoCell.swift */,
				8966379A22A66D870019E782 /* ThumbnailCell.swift */,
				896637A022A7A1CC0019E782 /* VideoCellV2.swift */,
			);
			path = Base;
			sourceTree = "<group>";
		};
		89DD92612282BA7300765769 /* VC */ = {
			isa = PBXGroup;
			children = (
				890062722251ED5300094F91 /* RippleVC2.swift */,
				89DD92622282BAAA00765769 /* RippleVC+Alternate.swift */,
				89DD92642282BB1B00765769 /* RippleVC+Interaction.swift */,
				89DD92662282BF5000765769 /* RippleVC+Data.swift */,
				89DD92682282C1B600765769 /* RippleVC+Utility.swift */,
			);
			path = VC;
			sourceTree = "<group>";
		};
		89DD926A2282E12500765769 /* VC */ = {
			isa = PBXGroup;
			children = (
				89DD148A2277EE0D0008512A /* EpisodesVC1.swift */,
				89DD926B2282E17200765769 /* EpisodesVC1+Interaction.swift */,
				89DD926D2282E1FE00765769 /* EpisodesVC1+Data.swift */,
				89DD926F228433AF00765769 /* EpisodesVC1+Animation2.swift */,
				8966379722A4EA620019E782 /* EpisodesVC1+Layout.swift */,
			);
			path = VC;
			sourceTree = "<group>";
		};
		89F37A112237524800A9303D = {
			isa = PBXGroup;
			children = (
				89F37A1C2237524800A9303D /* Trial */,
				89F37A1B2237524800A9303D /* Products */,
				89F37A312237859300A9303D /* Frameworks */,
				F9A8420E65457B3FFDFD5747 /* Pods */,
			);
			sourceTree = "<group>";
		};
		89F37A1B2237524800A9303D /* Products */ = {
			isa = PBXGroup;
			children = (
				89F37A1A2237524800A9303D /* Trial.app */,
			);
			name = Products;
			sourceTree = "<group>";
		};
		89F37A1C2237524800A9303D /* Trial */ = {
			isa = PBXGroup;
			children = (
				8967AC2922B1048300763B80 /* infrastructure */,
				89AA5448225C878700178341 /* Docs */,
				89DD925A2281511200765769 /* Base */,
				89DD148E227852230008512A /* Video */,
				89DD14872276EB3A0008512A /* Ripple */,
				89DD14822275C0B70008512A /* Episodes */,
				89006265224C879500094F91 /* Tests */,
				8997F2CE224A06DA00C2DC72 /* Animations */,
				896EA9252248F32C00780557 /* YoutubeManager */,
				896EA9142244942100780557 /* Utility */,
				896EA9102243A65700780557 /* ViewController */,
				896EA908224342AD00780557 /* Layout */,
				890D600E22421C6F008B0198 /* UI */,
				890A7B022240E47700CDB6B1 /* GoogleService-Info.plist */,
				89F37A242237524A00A9303D /* Assets.xcassets */,
				89F37A262237524A00A9303D /* LaunchScreen.storyboard */,
				89F37A292237524A00A9303D /* Info.plist */,
			);
			path = Trial;
			sourceTree = "<group>";
		};
		89F37A312237859300A9303D /* Frameworks */ = {
			isa = PBXGroup;
			children = (
				89F37A322237859300A9303D /* CoreGraphics.framework */,
				E7265217AF9A13858B30C80E /* Pods_Trial.framework */,
			);
			name = Frameworks;
			sourceTree = "<group>";
		};
		F9A8420E65457B3FFDFD5747 /* Pods */ = {
			isa = PBXGroup;
			children = (
				45DE32EB7183F4620EA124DE /* Pods-Trial.debug.xcconfig */,
				F265275D0EED763C65F3C2F2 /* Pods-Trial.release.xcconfig */,
			);
			path = Pods;
			sourceTree = "<group>";
		};
/* End PBXGroup section */

/* Begin PBXNativeTarget section */
		89F37A192237524800A9303D /* Trial */ = {
			isa = PBXNativeTarget;
			buildConfigurationList = 89F37A2C2237524A00A9303D /* Build configuration list for PBXNativeTarget "Trial" */;
			buildPhases = (
				3EDA56A398E9D0C4AB149E64 /* [CP] Check Pods Manifest.lock */,
				89F37A162237524800A9303D /* Sources */,
				89F37A172237524800A9303D /* Frameworks */,
				89F37A182237524800A9303D /* Resources */,
				82F7A61ED81291519CE26D30 /* [CP] Embed Pods Frameworks */,
				61CB7E4D31738C089131123B /* [CP] Copy Pods Resources */,
			);
			buildRules = (
			);
			dependencies = (
			);
			name = Trial;
			productName = Trial;
			productReference = 89F37A1A2237524800A9303D /* Trial.app */;
			productType = "com.apple.product-type.application";
		};
/* End PBXNativeTarget section */

/* Begin PBXProject section */
		89F37A122237524800A9303D /* Project object */ = {
			isa = PBXProject;
			attributes = {
				LastSwiftUpdateCheck = 1010;
				LastUpgradeCheck = 1010;
				ORGANIZATIONNAME = "周巍然";
				TargetAttributes = {
					89F37A192237524800A9303D = {
						CreatedOnToolsVersion = 10.1;
					};
				};
			};
			buildConfigurationList = 89F37A152237524800A9303D /* Build configuration list for PBXProject "Trial" */;
			compatibilityVersion = "Xcode 9.3";
			developmentRegion = en;
			hasScannedForEncodings = 0;
			knownRegions = (
				en,
				Base,
			);
			mainGroup = 89F37A112237524800A9303D;
			productRefGroup = 89F37A1B2237524800A9303D /* Products */;
			projectDirPath = "";
			projectRoot = "";
			targets = (
				89F37A192237524800A9303D /* Trial */,
			);
		};
/* End PBXProject section */

/* Begin PBXResourcesBuildPhase section */
		89F37A182237524800A9303D /* Resources */ = {
			isa = PBXResourcesBuildPhase;
			buildActionMask = 2147483647;
			files = (
				89F37A282237524A00A9303D /* LaunchScreen.storyboard in Resources */,
				890A7B032240E47700CDB6B1 /* GoogleService-Info.plist in Resources */,
				89F37A252237524A00A9303D /* Assets.xcassets in Resources */,
				89006279225455AB00094F91 /* raw in Resources */,
				896637A722AE4EF20019E782 /* PlayerControl.xib in Resources */,
				89F37A232237524800A9303D /* Main.storyboard in Resources */,
			);
			runOnlyForDeploymentPostprocessing = 0;
		};
/* End PBXResourcesBuildPhase section */

/* Begin PBXShellScriptBuildPhase section */
		3EDA56A398E9D0C4AB149E64 /* [CP] Check Pods Manifest.lock */ = {
			isa = PBXShellScriptBuildPhase;
			buildActionMask = 2147483647;
			files = (
			);
			inputFileListPaths = (
			);
			inputPaths = (
				"${PODS_PODFILE_DIR_PATH}/Podfile.lock",
				"${PODS_ROOT}/Manifest.lock",
			);
			name = "[CP] Check Pods Manifest.lock";
			outputFileListPaths = (
			);
			outputPaths = (
				"$(DERIVED_FILE_DIR)/Pods-Trial-checkManifestLockResult.txt",
			);
			runOnlyForDeploymentPostprocessing = 0;
			shellPath = /bin/sh;
			shellScript = "diff \"${PODS_PODFILE_DIR_PATH}/Podfile.lock\" \"${PODS_ROOT}/Manifest.lock\" > /dev/null\nif [ $? != 0 ] ; then\n    # print error to STDERR\n    echo \"error: The sandbox is not in sync with the Podfile.lock. Run 'pod install' or update your CocoaPods installation.\" >&2\n    exit 1\nfi\n# This output is used by Xcode 'outputs' to avoid re-running this script phase.\necho \"SUCCESS\" > \"${SCRIPT_OUTPUT_FILE_0}\"\n";
			showEnvVarsInLog = 0;
		};
		61CB7E4D31738C089131123B /* [CP] Copy Pods Resources */ = {
			isa = PBXShellScriptBuildPhase;
			buildActionMask = 2147483647;
			files = (
			);
			inputFileListPaths = (
			);
			inputPaths = (
				"${PODS_ROOT}/Target Support Files/Pods-Trial/Pods-Trial-resources.sh",
				"${PODS_ROOT}/GoogleSignIn/Resources/GoogleSignIn.bundle",
			);
			name = "[CP] Copy Pods Resources";
			outputFileListPaths = (
			);
			outputPaths = (
				"${TARGET_BUILD_DIR}/${UNLOCALIZED_RESOURCES_FOLDER_PATH}/GoogleSignIn.bundle",
			);
			runOnlyForDeploymentPostprocessing = 0;
			shellPath = /bin/sh;
			shellScript = "\"${PODS_ROOT}/Target Support Files/Pods-Trial/Pods-Trial-resources.sh\"\n";
			showEnvVarsInLog = 0;
		};
		82F7A61ED81291519CE26D30 /* [CP] Embed Pods Frameworks */ = {
			isa = PBXShellScriptBuildPhase;
			buildActionMask = 2147483647;
			files = (
			);
			inputFileListPaths = (
			);
			inputPaths = (
				"${PODS_ROOT}/Target Support Files/Pods-Trial/Pods-Trial-frameworks.sh",
				"${BUILT_PRODUCTS_DIR}/GTMSessionFetcher/GTMSessionFetcher.framework",
				"${BUILT_PRODUCTS_DIR}/GoogleAPIClientForREST/GoogleAPIClientForREST.framework",
				"${BUILT_PRODUCTS_DIR}/GoogleToolboxForMac/GoogleToolboxForMac.framework",
				"${BUILT_PRODUCTS_DIR}/ReSwift/ReSwift.framework",
				"${BUILT_PRODUCTS_DIR}/YoutubePlayer-in-WKWebView/YoutubePlayer_in_WKWebView.framework",
			);
			name = "[CP] Embed Pods Frameworks";
			outputFileListPaths = (
			);
			outputPaths = (
				"${TARGET_BUILD_DIR}/${FRAMEWORKS_FOLDER_PATH}/GTMSessionFetcher.framework",
				"${TARGET_BUILD_DIR}/${FRAMEWORKS_FOLDER_PATH}/GoogleAPIClientForREST.framework",
				"${TARGET_BUILD_DIR}/${FRAMEWORKS_FOLDER_PATH}/GoogleToolboxForMac.framework",
				"${TARGET_BUILD_DIR}/${FRAMEWORKS_FOLDER_PATH}/ReSwift.framework",
				"${TARGET_BUILD_DIR}/${FRAMEWORKS_FOLDER_PATH}/YoutubePlayer_in_WKWebView.framework",
			);
			runOnlyForDeploymentPostprocessing = 0;
			shellPath = /bin/sh;
			shellScript = "\"${PODS_ROOT}/Target Support Files/Pods-Trial/Pods-Trial-frameworks.sh\"\n";
			showEnvVarsInLog = 0;
		};
/* End PBXShellScriptBuildPhase section */

/* Begin PBXSourcesBuildPhase section */
		89F37A162237524800A9303D /* Sources */ = {
			isa = PBXSourcesBuildPhase;
			buildActionMask = 2147483647;
			files = (
				89F37A3522392C4500A9303D /* utility.swift in Sources */,
				89DD14862275C8A90008512A /* EpisodesLayout.swift in Sources */,
				896EA9202244AFCF00780557 /* extension.swift in Sources */,
				890A7AFF223F8C7500CDB6B1 /* constants.swift in Sources */,
				89DD92672282BF5000765769 /* RippleVC+Data.swift in Sources */,
				89DD9270228433AF00765769 /* EpisodesVC1+Animation2.swift in Sources */,
				89DD1490227852880008512A /* communication.swift in Sources */,
				89DD148B2277EE0D0008512A /* EpisodesVC1.swift in Sources */,
				896EA9242248CA3200780557 /* RippleCollectionView.swift in Sources */,
				8966379222A4CCAE0019E782 /* SeasonCell.swift in Sources */,
				890CED2D2272EB0900F58780 /* RippleViewState.swift in Sources */,
				89BD5DA322953E6400C7C52C /* RippleTransitionLayout+Alternate.swift in Sources */,
				89DD1489227701490008512A /* EpisodesViewState.swift in Sources */,
				8966379B22A66D870019E782 /* ThumbnailCell.swift in Sources */,
				890CED31227588C900F58780 /* EpisodesTransitionLayout.swift in Sources */,
				89DD925E228159DA00765769 /* RippleCellV2.swift in Sources */,
				890A7AFB223F824000CDB6B1 /* CollectionViewCell.swift in Sources */,
				896637AD22B0E67A0019E782 /* numeric.swift in Sources */,
				89006264224B8BA900094F91 /* YoutubeManager.swift in Sources */,
				8995A5CB22686DCE0062A474 /* TransitionalResource.swift in Sources */,
				8966379622A4E5530019E782 /* SeasonsView.swift in Sources */,
				890062732251ED5300094F91 /* RippleVC2.swift in Sources */,
				896EA90F22438C3600780557 /* RippleCell.swift in Sources */,
				8900627B2255B5BE00094F91 /* UIMetricTemplate.swift in Sources */,
				89006269224C970500094F91 /* PlayerControlView.swift in Sources */,
				896EA9052242209700780557 /* YTPlayerView.swift in Sources */,
				8966379D22A68D9E0019E782 /* PageDataManager.swift in Sources */,
				89F37A1E2237524800A9303D /* AppDelegate.swift in Sources */,
				89DD92692282C1B600765769 /* RippleVC+Utility.swift in Sources */,
				89006271224E218900094F91 /* RippleLayout.swift in Sources */,
				896637A322A9035C0019E782 /* image.swift in Sources */,
				896637A922AF794E0019E782 /* format.swift in Sources */,
				89DD92632282BAAA00765769 /* RippleVC+Alternate.swift in Sources */,
				8900627722521A7800094F91 /* RotatedTransitioning1.swift in Sources */,
				8900626F224E214400094F91 /* RippleTransitionLayout.swift in Sources */,
				89DD926E2282E1FE00765769 /* EpisodesVC1+Data.swift in Sources */,
				896637AB22AF95A30019E782 /* BasePlayerView.swift in Sources */,
				89006267224C87B200094F91 /* Datas.swift in Sources */,
				89DD925C2281514100765769 /* VideoCell.swift in Sources */,
				8966379F22A68F3F0019E782 /* YoutubeManagerV2.swift in Sources */,
				8995A5CD226870FE0062A474 /* Shadow.swift in Sources */,
				89D487EF226083B0009F2013 /* ViewMorphing.swift in Sources */,
				890CED332275898B00F58780 /* dumb.swift in Sources */,
				896637A122A7A1CC0019E782 /* VideoCellV2.swift in Sources */,
				89DD14842275C0D60008512A /* EpisodeCell.swift in Sources */,
				890A7AFD223F833F00CDB6B1 /* LayoutAttributes.swift in Sources */,
				890CED27226DC2AC00F58780 /* ScaleTransition.swift in Sources */,
				89A56D53229E611300852881 /* Snippet.swift in Sources */,
				8900626D224C9ADE00094F91 /* VideoWithPlayerView.swift in Sources */,
				89BD5DA52297C25300C7C52C /* Test3VC.swift in Sources */,
				89DD926022827E4000765769 /* TestVC.swift in Sources */,
				89DD148D22781ACC0008512A /* EpisodeLayoutAttributes.swift in Sources */,
				8900627522521A2C00094F91 /* VideoViewController1.swift in Sources */,
				890CED2A226DC5FD00F58780 /* VideoContainer.swift in Sources */,
				89BD5D9C2294FA3900C7C52C /* Test2VC.swift in Sources */,
				89F37A39223A24F300A9303D /* ViewControllerAnimatedTransitioning.swift in Sources */,
				89065A73229CD9460058411D /* FullscreenVideoManager.swift in Sources */,
				8966379822A4EA620019E782 /* EpisodesVC1+Layout.swift in Sources */,
				89D487ED2260642D009F2013 /* GradientView.swift in Sources */,
				89DD92652282BB1B00765769 /* RippleVC+Interaction.swift in Sources */,
				89006260224B4F7A00094F91 /* YoutubeOperation.swift in Sources */,
				89DD926C2282E17200765769 /* EpisodesVC1+Interaction.swift in Sources */,
				896EA9162244945800780557 /* alog.swift in Sources */,
			);
			runOnlyForDeploymentPostprocessing = 0;
		};
/* End PBXSourcesBuildPhase section */

/* Begin PBXVariantGroup section */
		89F37A212237524800A9303D /* Main.storyboard */ = {
			isa = PBXVariantGroup;
			children = (
				89F37A222237524800A9303D /* Base */,
			);
			name = Main.storyboard;
			sourceTree = "<group>";
		};
		89F37A262237524A00A9303D /* LaunchScreen.storyboard */ = {
			isa = PBXVariantGroup;
			children = (
				89F37A272237524A00A9303D /* Base */,
			);
			name = LaunchScreen.storyboard;
			sourceTree = "<group>";
		};
/* End PBXVariantGroup section */

/* Begin XCBuildConfiguration section */
		89F37A2A2237524A00A9303D /* Debug */ = {
			isa = XCBuildConfiguration;
			buildSettings = {
				ALWAYS_SEARCH_USER_PATHS = NO;
				CLANG_ANALYZER_NONNULL = YES;
				CLANG_ANALYZER_NUMBER_OBJECT_CONVERSION = YES_AGGRESSIVE;
				CLANG_CXX_LANGUAGE_STANDARD = "gnu++14";
				CLANG_CXX_LIBRARY = "libc++";
				CLANG_ENABLE_MODULES = YES;
				CLANG_ENABLE_OBJC_ARC = YES;
				CLANG_ENABLE_OBJC_WEAK = YES;
				CLANG_WARN_BLOCK_CAPTURE_AUTORELEASING = YES;
				CLANG_WARN_BOOL_CONVERSION = YES;
				CLANG_WARN_COMMA = YES;
				CLANG_WARN_CONSTANT_CONVERSION = YES;
				CLANG_WARN_DEPRECATED_OBJC_IMPLEMENTATIONS = YES;
				CLANG_WARN_DIRECT_OBJC_ISA_USAGE = YES_ERROR;
				CLANG_WARN_DOCUMENTATION_COMMENTS = YES;
				CLANG_WARN_EMPTY_BODY = YES;
				CLANG_WARN_ENUM_CONVERSION = YES;
				CLANG_WARN_INFINITE_RECURSION = YES;
				CLANG_WARN_INT_CONVERSION = YES;
				CLANG_WARN_NON_LITERAL_NULL_CONVERSION = YES;
				CLANG_WARN_OBJC_IMPLICIT_RETAIN_SELF = YES;
				CLANG_WARN_OBJC_LITERAL_CONVERSION = YES;
				CLANG_WARN_OBJC_ROOT_CLASS = YES_ERROR;
				CLANG_WARN_RANGE_LOOP_ANALYSIS = YES;
				CLANG_WARN_STRICT_PROTOTYPES = YES;
				CLANG_WARN_SUSPICIOUS_MOVE = YES;
				CLANG_WARN_UNGUARDED_AVAILABILITY = YES_AGGRESSIVE;
				CLANG_WARN_UNREACHABLE_CODE = YES;
				CLANG_WARN__DUPLICATE_METHOD_MATCH = YES;
				CODE_SIGN_IDENTITY = "iPhone Developer";
				COPY_PHASE_STRIP = NO;
				DEBUG_INFORMATION_FORMAT = dwarf;
				ENABLE_STRICT_OBJC_MSGSEND = YES;
				ENABLE_TESTABILITY = YES;
				GCC_C_LANGUAGE_STANDARD = gnu11;
				GCC_DYNAMIC_NO_PIC = NO;
				GCC_NO_COMMON_BLOCKS = YES;
				GCC_OPTIMIZATION_LEVEL = 0;
				GCC_PREPROCESSOR_DEFINITIONS = (
					"DEBUG=1",
					"$(inherited)",
				);
				GCC_WARN_64_TO_32_BIT_CONVERSION = YES;
				GCC_WARN_ABOUT_RETURN_TYPE = YES_ERROR;
				GCC_WARN_UNDECLARED_SELECTOR = YES;
				GCC_WARN_UNINITIALIZED_AUTOS = YES_AGGRESSIVE;
				GCC_WARN_UNUSED_FUNCTION = YES;
				GCC_WARN_UNUSED_VARIABLE = YES;
				IPHONEOS_DEPLOYMENT_TARGET = 12.1;
				MTL_ENABLE_DEBUG_INFO = INCLUDE_SOURCE;
				MTL_FAST_MATH = YES;
				ONLY_ACTIVE_ARCH = YES;
				SDKROOT = iphoneos;
				SWIFT_ACTIVE_COMPILATION_CONDITIONS = DEBUG;
				SWIFT_OPTIMIZATION_LEVEL = "-Onone";
			};
			name = Debug;
		};
		89F37A2B2237524A00A9303D /* Release */ = {
			isa = XCBuildConfiguration;
			buildSettings = {
				ALWAYS_SEARCH_USER_PATHS = NO;
				CLANG_ANALYZER_NONNULL = YES;
				CLANG_ANALYZER_NUMBER_OBJECT_CONVERSION = YES_AGGRESSIVE;
				CLANG_CXX_LANGUAGE_STANDARD = "gnu++14";
				CLANG_CXX_LIBRARY = "libc++";
				CLANG_ENABLE_MODULES = YES;
				CLANG_ENABLE_OBJC_ARC = YES;
				CLANG_ENABLE_OBJC_WEAK = YES;
				CLANG_WARN_BLOCK_CAPTURE_AUTORELEASING = YES;
				CLANG_WARN_BOOL_CONVERSION = YES;
				CLANG_WARN_COMMA = YES;
				CLANG_WARN_CONSTANT_CONVERSION = YES;
				CLANG_WARN_DEPRECATED_OBJC_IMPLEMENTATIONS = YES;
				CLANG_WARN_DIRECT_OBJC_ISA_USAGE = YES_ERROR;
				CLANG_WARN_DOCUMENTATION_COMMENTS = YES;
				CLANG_WARN_EMPTY_BODY = YES;
				CLANG_WARN_ENUM_CONVERSION = YES;
				CLANG_WARN_INFINITE_RECURSION = YES;
				CLANG_WARN_INT_CONVERSION = YES;
				CLANG_WARN_NON_LITERAL_NULL_CONVERSION = YES;
				CLANG_WARN_OBJC_IMPLICIT_RETAIN_SELF = YES;
				CLANG_WARN_OBJC_LITERAL_CONVERSION = YES;
				CLANG_WARN_OBJC_ROOT_CLASS = YES_ERROR;
				CLANG_WARN_RANGE_LOOP_ANALYSIS = YES;
				CLANG_WARN_STRICT_PROTOTYPES = YES;
				CLANG_WARN_SUSPICIOUS_MOVE = YES;
				CLANG_WARN_UNGUARDED_AVAILABILITY = YES_AGGRESSIVE;
				CLANG_WARN_UNREACHABLE_CODE = YES;
				CLANG_WARN__DUPLICATE_METHOD_MATCH = YES;
				CODE_SIGN_IDENTITY = "iPhone Developer";
				COPY_PHASE_STRIP = NO;
				DEBUG_INFORMATION_FORMAT = "dwarf-with-dsym";
				ENABLE_NS_ASSERTIONS = NO;
				ENABLE_STRICT_OBJC_MSGSEND = YES;
				GCC_C_LANGUAGE_STANDARD = gnu11;
				GCC_NO_COMMON_BLOCKS = YES;
				GCC_WARN_64_TO_32_BIT_CONVERSION = YES;
				GCC_WARN_ABOUT_RETURN_TYPE = YES_ERROR;
				GCC_WARN_UNDECLARED_SELECTOR = YES;
				GCC_WARN_UNINITIALIZED_AUTOS = YES_AGGRESSIVE;
				GCC_WARN_UNUSED_FUNCTION = YES;
				GCC_WARN_UNUSED_VARIABLE = YES;
				IPHONEOS_DEPLOYMENT_TARGET = 12.1;
				MTL_ENABLE_DEBUG_INFO = NO;
				MTL_FAST_MATH = YES;
				SDKROOT = iphoneos;
				SWIFT_COMPILATION_MODE = wholemodule;
				SWIFT_OPTIMIZATION_LEVEL = "-O";
				VALIDATE_PRODUCT = YES;
			};
			name = Release;
		};
		89F37A2D2237524A00A9303D /* Debug */ = {
			isa = XCBuildConfiguration;
			baseConfigurationReference = 45DE32EB7183F4620EA124DE /* Pods-Trial.debug.xcconfig */;
			buildSettings = {
				ASSETCATALOG_COMPILER_APPICON_NAME = AppIcon;
				CODE_SIGN_IDENTITY = "iPhone Developer";
				CODE_SIGN_STYLE = Automatic;
				DEBUG_INFORMATION_FORMAT = "dwarf-with-dsym";
				DEVELOPMENT_TEAM = HTG5RPJ6QF;
				INFOPLIST_FILE = Trial/Info.plist;
				IPHONEOS_DEPLOYMENT_TARGET = 12.0;
				LD_RUNPATH_SEARCH_PATHS = (
					"$(inherited)",
					"@executable_path/Frameworks",
				);
				PRODUCT_BUNDLE_IDENTIFIER = com.weiran.Trial;
				PRODUCT_NAME = "$(TARGET_NAME)";
				PROVISIONING_PROFILE_SPECIFIER = "";
				"SWIFT_ACTIVE_COMPILATION_CONDITIONS[arch=*]" = VERBOSE;
				SWIFT_VERSION = 4.2;
				TARGETED_DEVICE_FAMILY = 1;
			};
			name = Debug;
		};
		89F37A2E2237524A00A9303D /* Release */ = {
			isa = XCBuildConfiguration;
			baseConfigurationReference = F265275D0EED763C65F3C2F2 /* Pods-Trial.release.xcconfig */;
			buildSettings = {
				ASSETCATALOG_COMPILER_APPICON_NAME = AppIcon;
				CODE_SIGN_IDENTITY = "iPhone Developer";
				CODE_SIGN_STYLE = Automatic;
				DEVELOPMENT_TEAM = HTG5RPJ6QF;
				INFOPLIST_FILE = Trial/Info.plist;
				IPHONEOS_DEPLOYMENT_TARGET = 12.0;
				LD_RUNPATH_SEARCH_PATHS = (
					"$(inherited)",
					"@executable_path/Frameworks",
				);
				PRODUCT_BUNDLE_IDENTIFIER = com.weiran.Trial;
				PRODUCT_NAME = "$(TARGET_NAME)";
				PROVISIONING_PROFILE_SPECIFIER = "";
				SWIFT_VERSION = 4.2;
				TARGETED_DEVICE_FAMILY = 1;
			};
			name = Release;
		};
/* End XCBuildConfiguration section */

/* Begin XCConfigurationList section */
		89F37A152237524800A9303D /* Build configuration list for PBXProject "Trial" */ = {
			isa = XCConfigurationList;
			buildConfigurations = (
				89F37A2A2237524A00A9303D /* Debug */,
				89F37A2B2237524A00A9303D /* Release */,
			);
			defaultConfigurationIsVisible = 0;
			defaultConfigurationName = Release;
		};
		89F37A2C2237524A00A9303D /* Build configuration list for PBXNativeTarget "Trial" */ = {
			isa = XCConfigurationList;
			buildConfigurations = (
				89F37A2D2237524A00A9303D /* Debug */,
				89F37A2E2237524A00A9303D /* Release */,
			);
			defaultConfigurationIsVisible = 0;
			defaultConfigurationName = Release;
		};
/* End XCConfigurationList section */
	};
	rootObject = 89F37A122237524800A9303D /* Project object */;
}
